
Microsoft Visual Studio Solution File, Format Version 12.00
# Visual Studio Version 17
VisualStudioVersion = 17.5.002.0
MinimumVisualStudioVersion = 10.0.40219.1
Project("{9A19103F-16F7-4668-BE54-9A1E7A4F7556}") = "ai", "ai.csproj", "{13D16E68-035D-4D82-850C-AB0B80B91B9D}"
EndProject
Global
	GlobalSection(SolutionConfigurationPlatforms) = preSolution
		Debug|Any CPU = Debug|Any CPU
		Release|Any CPU = Release|Any CPU
	EndGlobalSection
	GlobalSection(ProjectConfigurationPlatforms) = postSolution
		{13D16E68-035D-4D82-850C-AB0B80B91B9D}.Debug|Any CPU.ActiveCfg = Debug|Any CPU
		{13D16E68-035D-4D82-850C-AB0B80B91B9D}.Debug|Any CPU.Build.0 = Debug|Any CPU
		{13D16E68-035D-4D82-850C-AB0B80B91B9D}.Release|Any CPU.ActiveCfg = Release|Any CPU
		{13D16E68-035D-4D82-850C-AB0B80B91B9D}.Release|Any CPU.Build.0 = Release|Any CPU
	EndGlobalSection
	GlobalSection(SolutionProperties) = preSolution
		HideSolutionNode = FALSE
	EndGlobalSection
	GlobalSection(ExtensibilityGlobals) = postSolution
		SolutionGuid = {199DAA5E-75F5-4AAB-AFE8-AB2431DD4BB1}
	EndGlobalSection
EndGlobal
